
Microsoft Visual Studio Solution File, Format Version 12.00
# Visual Studio Version 17
VisualStudioVersion = 17.4.33213.308
MinimumVisualStudioVersion = 10.0.40219.1
Project("{FAE04EC0-301F-11D3-BF4B-00C04F79EFBC}") = "Maze.logic", "maze.logic\Maze.logic.csproj", "{D3A1747E-019A-464D-91F9-8E8D83FDD031}"
EndProject
Project("{FAE04EC0-301F-11D3-BF4B-00C04F79EFBC}") = "Maze.UI", "Maze.UI\Maze.UI.csproj", "{304B9DF6-D433-4331-88BB-8F37CAF88A6E}"
EndProject
Global
	GlobalSection(SolutionConfigurationPlatforms) = preSolution
		Debug|Any CPU = Debug|Any CPU
		Release|Any CPU = Release|Any CPU
	EndGlobalSection
	GlobalSection(ProjectConfigurationPlatforms) = postSolution
		{D3A1747E-019A-464D-91F9-8E8D83FDD031}.Debug|Any CPU.ActiveCfg = Debug|Any CPU
		{D3A1747E-019A-464D-91F9-8E8D83FDD031}.Debug|Any CPU.Build.0 = Debug|Any CPU
		{D3A1747E-019A-464D-91F9-8E8D83FDD031}.Release|Any CPU.ActiveCfg = Release|Any CPU
		{D3A1747E-019A-464D-91F9-8E8D83FDD031}.Release|Any CPU.Build.0 = Release|Any CPU
		{304B9DF6-D433-4331-88BB-8F37CAF88A6E}.Debug|Any CPU.ActiveCfg = Debug|Any CPU
		{304B9DF6-D433-4331-88BB-8F37CAF88A6E}.Debug|Any CPU.Build.0 = Debug|Any CPU
		{304B9DF6-D433-4331-88BB-8F37CAF88A6E}.Release|Any CPU.ActiveCfg = Release|Any CPU
		{304B9DF6-D433-4331-88BB-8F37CAF88A6E}.Release|Any CPU.Build.0 = Release|Any CPU
	EndGlobalSection
	GlobalSection(SolutionProperties) = preSolution
		HideSolutionNode = FALSE
	EndGlobalSection
	GlobalSection(ExtensibilityGlobals) = postSolution
		SolutionGuid = {D6370526-1731-490D-B5F5-2E8B4A7D35B0}
	EndGlobalSection
EndGlobal
